
Microsoft Visual Studio Solution File, Format Version 12.00
# Visual Studio Version 17
VisualStudioVersion = 17.4.33213.308
MinimumVisualStudioVersion = 10.0.40219.1
Project("{2150E333-8FDC-42A3-9474-1A3956D46DE8}") = "Views", "Views", "{44F9C03E-BDC0-4AC1-912E-C4FE0E6E98E0}"
EndProject
Project("{2150E333-8FDC-42A3-9474-1A3956D46DE8}") = "Dao", "Dao", "{5B2DAEF5-FABE-4868-8F27-3460A5AB68FC}"
EndProject
Project("{2150E333-8FDC-42A3-9474-1A3956D46DE8}") = "Controller", "Controller", "{DFDDBB28-AE1D-46C4-9F2B-70DF80055E2B}"
EndProject
Project("{2150E333-8FDC-42A3-9474-1A3956D46DE8}") = "Model", "Model", "{676CA786-07D6-4ED6-8698-284782C32560}"
EndProject
Project("{FAE04EC0-301F-11D3-BF4B-00C04F79EFBC}") = "EntradaModel", "EntradaModel\EntradaModel.csproj", "{96595CEC-3B40-40AF-96DA-A62F3C8A6BD2}"
EndProject
Project("{FAE04EC0-301F-11D3-BF4B-00C04F79EFBC}") = "UsuarioModel", "UsuarioModel\UsuarioModel.csproj", "{F75B2E06-7693-4C6E-A68D-3EEC7B1166A1}"
EndProject
Project("{FAE04EC0-301F-11D3-BF4B-00C04F79EFBC}") = "EntradaDao", "EntradaDao\EntradaDao.csproj", "{340C758C-05A6-4C88-A569-5C68A631888A}"
EndProject
Project("{FAE04EC0-301F-11D3-BF4B-00C04F79EFBC}") = "UsuarioDao", "UsuarioDao\UsuarioDao.csproj", "{F59E662E-6026-49DE-B67F-7B2650B979C2}"
EndProject
Project("{FAE04EC0-301F-11D3-BF4B-00C04F79EFBC}") = "Login", "ControleDeAcesso\Login.csproj", "{08184C41-CB22-478B-90C1-D7250F5497F5}"
	ProjectSection(ProjectDependencies) = postProject
		{96595CEC-3B40-40AF-96DA-A62F3C8A6BD2} = {96595CEC-3B40-40AF-96DA-A62F3C8A6BD2}
		{F5D17CD2-3DD6-4C49-8F44-30B69C628254} = {F5D17CD2-3DD6-4C49-8F44-30B69C628254}
	EndProjectSection
EndProject
Project("{FAE04EC0-301F-11D3-BF4B-00C04F79EFBC}") = "MenuInicial", "MenuInicial\MenuInicial.csproj", "{7F837FB1-5E5D-44B8-A205-D4293BE00FC3}"
EndProject
Project("{FAE04EC0-301F-11D3-BF4B-00C04F79EFBC}") = "ControleDeEntrada", "ControleDeEntrada\ControleDeEntrada.csproj", "{F5D17CD2-3DD6-4C49-8F44-30B69C628254}"
EndProject
Project("{FAE04EC0-301F-11D3-BF4B-00C04F79EFBC}") = "ControleDeAutenticacao", "ControleDeAutenticacao\ControleDeAutenticacao.csproj", "{31C25D53-55D5-4C2D-9894-CC99A348449C}"
EndProject
Project("{FAE04EC0-301F-11D3-BF4B-00C04F79EFBC}") = "SaidaDao", "SaidaDao\SaidaDao.csproj", "{28B8F552-76BA-4FD9-AB2C-6D4AFEFDE204}"
EndProject
Project("{FAE04EC0-301F-11D3-BF4B-00C04F79EFBC}") = "SaidaModel", "SaidaModel\SaidaModel.csproj", "{EC19B052-C134-4FB8-8A25-9960504EE6E8}"
EndProject
Project("{FAE04EC0-301F-11D3-BF4B-00C04F79EFBC}") = "ControleDeSaida", "ControleDeSaida\ControleDeSaida.csproj", "{F6B051B9-5C26-49CE-942D-41B584F7F4A4}"
EndProject
Project("{FAE04EC0-301F-11D3-BF4B-00C04F79EFBC}") = "AlteracaoModel", "AlteracaoModel\AlteracaoModel.csproj", "{4E5A6EF0-CE5B-413B-94A8-FDAF6257FBB2}"
EndProject
Project("{FAE04EC0-301F-11D3-BF4B-00C04F79EFBC}") = "ControleDeAlteracao", "ControleDeAlteracao\ControleDeAlteracao.csproj", "{9FF0EFA7-45C5-4308-97E7-2C6433E4CC85}"
EndProject
Project("{FAE04EC0-301F-11D3-BF4B-00C04F79EFBC}") = "ControleDeConsulta", "ControleDeConsulta\ControleDeConsulta.csproj", "{AA2CE0CE-780E-45C8-9E7B-5500DFF02568}"
EndProject
Global
	GlobalSection(SolutionConfigurationPlatforms) = preSolution
		Debug|Any CPU = Debug|Any CPU
		Release|Any CPU = Release|Any CPU
	EndGlobalSection
	GlobalSection(ProjectConfigurationPlatforms) = postSolution
		{96595CEC-3B40-40AF-96DA-A62F3C8A6BD2}.Debug|Any CPU.ActiveCfg = Debug|Any CPU
		{96595CEC-3B40-40AF-96DA-A62F3C8A6BD2}.Debug|Any CPU.Build.0 = Debug|Any CPU
		{96595CEC-3B40-40AF-96DA-A62F3C8A6BD2}.Release|Any CPU.ActiveCfg = Release|Any CPU
		{96595CEC-3B40-40AF-96DA-A62F3C8A6BD2}.Release|Any CPU.Build.0 = Release|Any CPU
		{F75B2E06-7693-4C6E-A68D-3EEC7B1166A1}.Debug|Any CPU.ActiveCfg = Debug|Any CPU
		{F75B2E06-7693-4C6E-A68D-3EEC7B1166A1}.Debug|Any CPU.Build.0 = Debug|Any CPU
		{F75B2E06-7693-4C6E-A68D-3EEC7B1166A1}.Release|Any CPU.ActiveCfg = Release|Any CPU
		{F75B2E06-7693-4C6E-A68D-3EEC7B1166A1}.Release|Any CPU.Build.0 = Release|Any CPU
		{340C758C-05A6-4C88-A569-5C68A631888A}.Debug|Any CPU.ActiveCfg = Debug|Any CPU
		{340C758C-05A6-4C88-A569-5C68A631888A}.Debug|Any CPU.Build.0 = Debug|Any CPU
		{340C758C-05A6-4C88-A569-5C68A631888A}.Release|Any CPU.ActiveCfg = Release|Any CPU
		{340C758C-05A6-4C88-A569-5C68A631888A}.Release|Any CPU.Build.0 = Release|Any CPU
		{F59E662E-6026-49DE-B67F-7B2650B979C2}.Debug|Any CPU.ActiveCfg = Debug|Any CPU
		{F59E662E-6026-49DE-B67F-7B2650B979C2}.Debug|Any CPU.Build.0 = Debug|Any CPU
		{F59E662E-6026-49DE-B67F-7B2650B979C2}.Release|Any CPU.ActiveCfg = Release|Any CPU
		{F59E662E-6026-49DE-B67F-7B2650B979C2}.Release|Any CPU.Build.0 = Release|Any CPU
		{08184C41-CB22-478B-90C1-D7250F5497F5}.Debug|Any CPU.ActiveCfg = Debug|Any CPU
		{08184C41-CB22-478B-90C1-D7250F5497F5}.Debug|Any CPU.Build.0 = Debug|Any CPU
		{08184C41-CB22-478B-90C1-D7250F5497F5}.Release|Any CPU.ActiveCfg = Release|Any CPU
		{08184C41-CB22-478B-90C1-D7250F5497F5}.Release|Any CPU.Build.0 = Release|Any CPU
		{7F837FB1-5E5D-44B8-A205-D4293BE00FC3}.Debug|Any CPU.ActiveCfg = Debug|Any CPU
		{7F837FB1-5E5D-44B8-A205-D4293BE00FC3}.Debug|Any CPU.Build.0 = Debug|Any CPU
		{7F837FB1-5E5D-44B8-A205-D4293BE00FC3}.Release|Any CPU.ActiveCfg = Release|Any CPU
		{7F837FB1-5E5D-44B8-A205-D4293BE00FC3}.Release|Any CPU.Build.0 = Release|Any CPU
		{F5D17CD2-3DD6-4C49-8F44-30B69C628254}.Debug|Any CPU.ActiveCfg = Debug|Any CPU
		{F5D17CD2-3DD6-4C49-8F44-30B69C628254}.Debug|Any CPU.Build.0 = Debug|Any CPU
		{F5D17CD2-3DD6-4C49-8F44-30B69C628254}.Release|Any CPU.ActiveCfg = Release|Any CPU
		{F5D17CD2-3DD6-4C49-8F44-30B69C628254}.Release|Any CPU.Build.0 = Release|Any CPU
		{31C25D53-55D5-4C2D-9894-CC99A348449C}.Debug|Any CPU.ActiveCfg = Debug|Any CPU
		{31C25D53-55D5-4C2D-9894-CC99A348449C}.Debug|Any CPU.Build.0 = Debug|Any CPU
		{31C25D53-55D5-4C2D-9894-CC99A348449C}.Release|Any CPU.ActiveCfg = Release|Any CPU
		{31C25D53-55D5-4C2D-9894-CC99A348449C}.Release|Any CPU.Build.0 = Release|Any CPU
		{28B8F552-76BA-4FD9-AB2C-6D4AFEFDE204}.Debug|Any CPU.ActiveCfg = Debug|Any CPU
		{28B8F552-76BA-4FD9-AB2C-6D4AFEFDE204}.Debug|Any CPU.Build.0 = Debug|Any CPU
		{28B8F552-76BA-4FD9-AB2C-6D4AFEFDE204}.Release|Any CPU.ActiveCfg = Release|Any CPU
		{28B8F552-76BA-4FD9-AB2C-6D4AFEFDE204}.Release|Any CPU.Build.0 = Release|Any CPU
		{EC19B052-C134-4FB8-8A25-9960504EE6E8}.Debug|Any CPU.ActiveCfg = Debug|Any CPU
		{EC19B052-C134-4FB8-8A25-9960504EE6E8}.Debug|Any CPU.Build.0 = Debug|Any CPU
		{EC19B052-C134-4FB8-8A25-9960504EE6E8}.Release|Any CPU.ActiveCfg = Release|Any CPU
		{EC19B052-C134-4FB8-8A25-9960504EE6E8}.Release|Any CPU.Build.0 = Release|Any CPU
		{F6B051B9-5C26-49CE-942D-41B584F7F4A4}.Debug|Any CPU.ActiveCfg = Debug|Any CPU
		{F6B051B9-5C26-49CE-942D-41B584F7F4A4}.Debug|Any CPU.Build.0 = Debug|Any CPU
		{F6B051B9-5C26-49CE-942D-41B584F7F4A4}.Release|Any CPU.ActiveCfg = Release|Any CPU
		{F6B051B9-5C26-49CE-942D-41B584F7F4A4}.Release|Any CPU.Build.0 = Release|Any CPU
		{4E5A6EF0-CE5B-413B-94A8-FDAF6257FBB2}.Debug|Any CPU.ActiveCfg = Debug|Any CPU
		{4E5A6EF0-CE5B-413B-94A8-FDAF6257FBB2}.Debug|Any CPU.Build.0 = Debug|Any CPU
		{4E5A6EF0-CE5B-413B-94A8-FDAF6257FBB2}.Release|Any CPU.ActiveCfg = Release|Any CPU
		{4E5A6EF0-CE5B-413B-94A8-FDAF6257FBB2}.Release|Any CPU.Build.0 = Release|Any CPU
		{9FF0EFA7-45C5-4308-97E7-2C6433E4CC85}.Debug|Any CPU.ActiveCfg = Debug|Any CPU
		{9FF0EFA7-45C5-4308-97E7-2C6433E4CC85}.Debug|Any CPU.Build.0 = Debug|Any CPU
		{9FF0EFA7-45C5-4308-97E7-2C6433E4CC85}.Release|Any CPU.ActiveCfg = Release|Any CPU
		{9FF0EFA7-45C5-4308-97E7-2C6433E4CC85}.Release|Any CPU.Build.0 = Release|Any CPU
		{AA2CE0CE-780E-45C8-9E7B-5500DFF02568}.Debug|Any CPU.ActiveCfg = Debug|Any CPU
		{AA2CE0CE-780E-45C8-9E7B-5500DFF02568}.Debug|Any CPU.Build.0 = Debug|Any CPU
		{AA2CE0CE-780E-45C8-9E7B-5500DFF02568}.Release|Any CPU.ActiveCfg = Release|Any CPU
		{AA2CE0CE-780E-45C8-9E7B-5500DFF02568}.Release|Any CPU.Build.0 = Release|Any CPU
	EndGlobalSection
	GlobalSection(SolutionProperties) = preSolution
		HideSolutionNode = FALSE
	EndGlobalSection
	GlobalSection(NestedProjects) = preSolution
		{96595CEC-3B40-40AF-96DA-A62F3C8A6BD2} = {676CA786-07D6-4ED6-8698-284782C32560}
		{F75B2E06-7693-4C6E-A68D-3EEC7B1166A1} = {676CA786-07D6-4ED6-8698-284782C32560}
		{340C758C-05A6-4C88-A569-5C68A631888A} = {5B2DAEF5-FABE-4868-8F27-3460A5AB68FC}
		{F59E662E-6026-49DE-B67F-7B2650B979C2} = {5B2DAEF5-FABE-4868-8F27-3460A5AB68FC}
		{08184C41-CB22-478B-90C1-D7250F5497F5} = {44F9C03E-BDC0-4AC1-912E-C4FE0E6E98E0}
		{7F837FB1-5E5D-44B8-A205-D4293BE00FC3} = {44F9C03E-BDC0-4AC1-912E-C4FE0E6E98E0}
		{F5D17CD2-3DD6-4C49-8F44-30B69C628254} = {DFDDBB28-AE1D-46C4-9F2B-70DF80055E2B}
		{31C25D53-55D5-4C2D-9894-CC99A348449C} = {DFDDBB28-AE1D-46C4-9F2B-70DF80055E2B}
		{28B8F552-76BA-4FD9-AB2C-6D4AFEFDE204} = {5B2DAEF5-FABE-4868-8F27-3460A5AB68FC}
		{EC19B052-C134-4FB8-8A25-9960504EE6E8} = {676CA786-07D6-4ED6-8698-284782C32560}
		{F6B051B9-5C26-49CE-942D-41B584F7F4A4} = {DFDDBB28-AE1D-46C4-9F2B-70DF80055E2B}
		{4E5A6EF0-CE5B-413B-94A8-FDAF6257FBB2} = {676CA786-07D6-4ED6-8698-284782C32560}
		{9FF0EFA7-45C5-4308-97E7-2C6433E4CC85} = {DFDDBB28-AE1D-46C4-9F2B-70DF80055E2B}
		{AA2CE0CE-780E-45C8-9E7B-5500DFF02568} = {DFDDBB28-AE1D-46C4-9F2B-70DF80055E2B}
	EndGlobalSection
	GlobalSection(ExtensibilityGlobals) = postSolution
		SolutionGuid = {D972149C-7B5C-47DB-950D-D2FA982A5CB1}
	EndGlobalSection
EndGlobal
