
Microsoft Visual Studio Solution File, Format Version 12.00
# Visual Studio Version 17
VisualStudioVersion = 17.4.33213.308
MinimumVisualStudioVersion = 10.0.40219.1
Project("{2150E333-8FDC-42A3-9474-1A3956D46DE8}") = "Views", "Views", "{44F9C03E-BDC0-4AC1-912E-C4FE0E6E98E0}"
EndProject
Project("{2150E333-8FDC-42A3-9474-1A3956D46DE8}") = "Dao", "Dao", "{5B2DAEF5-FABE-4868-8F27-3460A5AB68FC}"
EndProject
Project("{2150E333-8FDC-42A3-9474-1A3956D46DE8}") = "Controller", "Controller", "{DFDDBB28-AE1D-46C4-9F2B-70DF80055E2B}"
EndProject
Project("{2150E333-8FDC-42A3-9474-1A3956D46DE8}") = "Model", "Model", "{676CA786-07D6-4ED6-8698-284782C32560}"
EndProject
Project("{FAE04EC0-301F-11D3-BF4B-00C04F79EFBC}") = "DAO", "DAO\DAO.csproj", "{E844CF4B-BFA0-448B-B547-4E2A0F0498C4}"
EndProject
Project("{FAE04EC0-301F-11D3-BF4B-00C04F79EFBC}") = "MODEL", "MODEL\MODEL.csproj", "{322C0F64-01E5-4A9D-A89C-F77563708930}"
EndProject
Project("{FAE04EC0-301F-11D3-BF4B-00C04F79EFBC}") = "CONTROL", "CONTROL\CONTROL.csproj", "{4A7FBCD9-E61E-470B-8010-A7A026FAB681}"
EndProject
Project("{FAE04EC0-301F-11D3-BF4B-00C04F79EFBC}") = "VIEWS", "VIEWS\VIEWS.csproj", "{618445F3-A5E6-4924-BD0B-A9470783E249}"
EndProject
Global
	GlobalSection(SolutionConfigurationPlatforms) = preSolution
		Debug|Any CPU = Debug|Any CPU
		Release|Any CPU = Release|Any CPU
	EndGlobalSection
	GlobalSection(ProjectConfigurationPlatforms) = postSolution
		{E844CF4B-BFA0-448B-B547-4E2A0F0498C4}.Debug|Any CPU.ActiveCfg = Debug|Any CPU
		{E844CF4B-BFA0-448B-B547-4E2A0F0498C4}.Debug|Any CPU.Build.0 = Debug|Any CPU
		{E844CF4B-BFA0-448B-B547-4E2A0F0498C4}.Release|Any CPU.ActiveCfg = Release|Any CPU
		{E844CF4B-BFA0-448B-B547-4E2A0F0498C4}.Release|Any CPU.Build.0 = Release|Any CPU
		{322C0F64-01E5-4A9D-A89C-F77563708930}.Debug|Any CPU.ActiveCfg = Debug|Any CPU
		{322C0F64-01E5-4A9D-A89C-F77563708930}.Debug|Any CPU.Build.0 = Debug|Any CPU
		{322C0F64-01E5-4A9D-A89C-F77563708930}.Release|Any CPU.ActiveCfg = Release|Any CPU
		{322C0F64-01E5-4A9D-A89C-F77563708930}.Release|Any CPU.Build.0 = Release|Any CPU
		{4A7FBCD9-E61E-470B-8010-A7A026FAB681}.Debug|Any CPU.ActiveCfg = Debug|Any CPU
		{4A7FBCD9-E61E-470B-8010-A7A026FAB681}.Debug|Any CPU.Build.0 = Debug|Any CPU
		{4A7FBCD9-E61E-470B-8010-A7A026FAB681}.Release|Any CPU.ActiveCfg = Release|Any CPU
		{4A7FBCD9-E61E-470B-8010-A7A026FAB681}.Release|Any CPU.Build.0 = Release|Any CPU
		{618445F3-A5E6-4924-BD0B-A9470783E249}.Debug|Any CPU.ActiveCfg = Debug|Any CPU
		{618445F3-A5E6-4924-BD0B-A9470783E249}.Debug|Any CPU.Build.0 = Debug|Any CPU
		{618445F3-A5E6-4924-BD0B-A9470783E249}.Release|Any CPU.ActiveCfg = Release|Any CPU
		{618445F3-A5E6-4924-BD0B-A9470783E249}.Release|Any CPU.Build.0 = Release|Any CPU
	EndGlobalSection
	GlobalSection(SolutionProperties) = preSolution
		HideSolutionNode = FALSE
	EndGlobalSection
	GlobalSection(NestedProjects) = preSolution
		{E844CF4B-BFA0-448B-B547-4E2A0F0498C4} = {5B2DAEF5-FABE-4868-8F27-3460A5AB68FC}
		{322C0F64-01E5-4A9D-A89C-F77563708930} = {676CA786-07D6-4ED6-8698-284782C32560}
		{4A7FBCD9-E61E-470B-8010-A7A026FAB681} = {DFDDBB28-AE1D-46C4-9F2B-70DF80055E2B}
		{618445F3-A5E6-4924-BD0B-A9470783E249} = {44F9C03E-BDC0-4AC1-912E-C4FE0E6E98E0}
	EndGlobalSection
	GlobalSection(ExtensibilityGlobals) = postSolution
		SolutionGuid = {D972149C-7B5C-47DB-950D-D2FA982A5CB1}
	EndGlobalSection
EndGlobal
